
Microsoft Visual Studio Solution File, Format Version 12.00
# Visual Studio Version 16
VisualStudioVersion = 16.0.29613.14
MinimumVisualStudioVersion = 10.0.40219.1
Project("{FAE04EC0-301F-11D3-BF4B-00C04F79EFBC}") = "AccountInfoKeeper", "AccountInfoKeeper\AccountInfoKeeper.csproj", "{90C112BC-00C3-4660-92B8-0204B48E94FE}"
EndProject
Global
	GlobalSection(SolutionConfigurationPlatforms) = preSolution
		Debug|Any CPU = Debug|Any CPU
		Release|Any CPU = Release|Any CPU
	EndGlobalSection
	GlobalSection(ProjectConfigurationPlatforms) = postSolution
		{90C112BC-00C3-4660-92B8-0204B48E94FE}.Debug|Any CPU.ActiveCfg = Debug|Any CPU
		{90C112BC-00C3-4660-92B8-0204B48E94FE}.Debug|Any CPU.Build.0 = Debug|Any CPU
		{90C112BC-00C3-4660-92B8-0204B48E94FE}.Release|Any CPU.ActiveCfg = Release|Any CPU
		{90C112BC-00C3-4660-92B8-0204B48E94FE}.Release|Any CPU.Build.0 = Release|Any CPU
	EndGlobalSection
	GlobalSection(SolutionProperties) = preSolution
		HideSolutionNode = FALSE
	EndGlobalSection
	GlobalSection(ExtensibilityGlobals) = postSolution
		SolutionGuid = {B457E1A3-7E2E-4091-BCD6-3F8177FD7C8B}
	EndGlobalSection
EndGlobal
